
Microsoft Visual Studio Solution File, Format Version 12.00
# Visual Studio Version 17
VisualStudioVersion = 17.11.35312.102
MinimumVisualStudioVersion = 10.0.40219.1
Project("{9A19103F-16F7-4668-BE54-9A1E7A4F7556}") = "Assignment_PRN231_API", "Assignment_PRN231_API\Assignment_PRN231_API.csproj", "{91CCBC17-F062-4B55-97B5-0D65F6140C87}"
EndProject
Project("{9A19103F-16F7-4668-BE54-9A1E7A4F7556}") = "Asignment_PRN231_API_FE", "Asignment_PRN231_API_FE\Asignment_PRN231_API_FE.csproj", "{1E2BF736-419C-4B46-80C7-B5AD34B4BC3C}"
EndProject
Global
	GlobalSection(SolutionConfigurationPlatforms) = preSolution
		Debug|Any CPU = Debug|Any CPU
		Release|Any CPU = Release|Any CPU
	EndGlobalSection
	GlobalSection(ProjectConfigurationPlatforms) = postSolution
		{91CCBC17-F062-4B55-97B5-0D65F6140C87}.Debug|Any CPU.ActiveCfg = Debug|Any CPU
		{91CCBC17-F062-4B55-97B5-0D65F6140C87}.Debug|Any CPU.Build.0 = Debug|Any CPU
		{91CCBC17-F062-4B55-97B5-0D65F6140C87}.Release|Any CPU.ActiveCfg = Release|Any CPU
		{91CCBC17-F062-4B55-97B5-0D65F6140C87}.Release|Any CPU.Build.0 = Release|Any CPU
		{1E2BF736-419C-4B46-80C7-B5AD34B4BC3C}.Debug|Any CPU.ActiveCfg = Debug|Any CPU
		{1E2BF736-419C-4B46-80C7-B5AD34B4BC3C}.Debug|Any CPU.Build.0 = Debug|Any CPU
		{1E2BF736-419C-4B46-80C7-B5AD34B4BC3C}.Release|Any CPU.ActiveCfg = Release|Any CPU
		{1E2BF736-419C-4B46-80C7-B5AD34B4BC3C}.Release|Any CPU.Build.0 = Release|Any CPU
	EndGlobalSection
	GlobalSection(SolutionProperties) = preSolution
		HideSolutionNode = FALSE
	EndGlobalSection
	GlobalSection(ExtensibilityGlobals) = postSolution
		SolutionGuid = {865376BF-B3E4-40B4-82DD-5C2193CF1412}
	EndGlobalSection
EndGlobal
